<Solution>
  <Project Path="../FoodOrderAPI.IntegrationTests/FoodOrderAPI.IntegrationTests.csproj" Id="2f12ac24-deaf-41a6-8d8a-46b9f01719db" />
  <Project Path="../FoodOrderAPI.UnitTests/FoodOrderAPI.UnitTests.csproj" Id="555a0476-b830-4f27-a877-39771a54b4b0" />
  <Project Path="FoodOrderAPI.csproj" />
</Solution>
